{
  "pins" : [
    {
      "identity" : "swift-docc-plugin",
      "kind" : "remoteSourceControl",
      "location" : "https://github.com/apple/swift-docc-plugin",
      "state" : {
        "revision" : "3303b164430d9a7055ba484c8ead67a52f7b74f6",
        "version" : "1.0.0"
      }
    },
    {
      "identity" : "testablecombinepublishers",
      "kind" : "remoteSourceControl",
      "location" : "https://github.com/albertbori/TestableCombinePublishers.git",
      "state" : {
        "revision" : "c4581c15e3960af0b8e946193fc260a8deb128a3",
        "version" : "1.0.4"
      }
    }
  ],
  "version" : 2
}
