{
  "pins" : [
    {
      "identity" : "testablecombinepublishers",
      "kind" : "remoteSourceControl",
      "location" : "https://github.com/albertbori/TestableCombinePublishers.git",
      "state" : {
        "revision" : "c4581c15e3960af0b8e946193fc260a8deb128a3",
        "version" : "1.0.4"
      }
    }
  ],
  "version" : 2
}
