// !$*UTF8*$!
{
	archiveVersion = 1;
	classes = {
	};
	objectVersion = 70;
	objects = {

/* Begin PBXBuildFile section */
		32F1B63F27CAAED100819F76 /* CombineSchedulers in Frameworks */ = {isa = PBXBuildFile; productRef = 32F1B63E27CAAED100819F76 /* CombineSchedulers */; };
		32F1B64727CABA3D00819F76 /* VSM in Frameworks */ = {isa = PBXBuildFile; productRef = 32F1B64627CABA3D00819F76 /* VSM */; };
		32F1B64B27CABF0D00819F76 /* CombineSchedulers in Frameworks */ = {isa = PBXBuildFile; productRef = 32F1B64A27CABF0D00819F76 /* CombineSchedulers */; };
		BE68E4192F3CD166003D0DC0 /* VSM in Frameworks */ = {isa = PBXBuildFile; productRef = BE68E4182F3CD166003D0DC0 /* VSM */; };
		C0DEB0ECE00004C0DEB0ECE4 /* AsyncAlgorithms in Frameworks */ = {isa = PBXBuildFile; productRef = C0DEB0ECE00002C0DEB0ECE2 /* AsyncAlgorithms */; };
		C0DEB0ECE00005C0DEB0ECE5 /* AsyncAlgorithms in Frameworks */ = {isa = PBXBuildFile; productRef = C0DEB0ECE00003C0DEB0ECE3 /* AsyncAlgorithms */; };
/* End PBXBuildFile section */

/* Begin PBXContainerItemProxy section */
		32EEC6FE27B482B7001AB9C7 /* PBXContainerItemProxy */ = {
			isa = PBXContainerItemProxy;
			containerPortal = 32EEC6E527B482B5001AB9C7 /* Project object */;
			proxyType = 1;
			remoteGlobalIDString = 32EEC6EC27B482B5001AB9C7;
			remoteInfo = Shopping;
		};
		32EEC70827B482B7001AB9C7 /* PBXContainerItemProxy */ = {
			isa = PBXContainerItemProxy;
			containerPortal = 32EEC6E527B482B5001AB9C7 /* Project object */;
			proxyType = 1;
			remoteGlobalIDString = 32EEC6EC27B482B5001AB9C7;
			remoteInfo = Shopping;
		};
/* End PBXContainerItemProxy section */

/* Begin PBXFileReference section */
		32E5E78527B49531002E9C47 /* vsm-ios */ = {isa = PBXFileReference; lastKnownFileType = wrapper; name = "vsm-ios"; path = ../..; sourceTree = "<group>"; };
		32EEC6ED27B482B5001AB9C7 /* Shopping.app */ = {isa = PBXFileReference; explicitFileType = wrapper.application; includeInIndex = 0; path = Shopping.app; sourceTree = BUILT_PRODUCTS_DIR; };
		32EEC6FD27B482B7001AB9C7 /* ShoppingTests.xctest */ = {isa = PBXFileReference; explicitFileType = wrapper.cfbundle; includeInIndex = 0; path = ShoppingTests.xctest; sourceTree = BUILT_PRODUCTS_DIR; };
		32EEC70727B482B7001AB9C7 /* ShoppingUITests.xctest */ = {isa = PBXFileReference; explicitFileType = wrapper.cfbundle; includeInIndex = 0; path = ShoppingUITests.xctest; sourceTree = BUILT_PRODUCTS_DIR; };
/* End PBXFileReference section */

/* Begin PBXFileSystemSynchronizedRootGroup section */
		BEAABFF72F57353D007F9A9F /* Shopping */ = {isa = PBXFileSystemSynchronizedRootGroup; explicitFileTypes = {}; explicitFolders = (); path = Shopping; sourceTree = "<group>"; };
		BEAAC0272F573541007F9A9F /* ShoppingTests */ = {isa = PBXFileSystemSynchronizedRootGroup; explicitFileTypes = {}; explicitFolders = (); path = ShoppingTests; sourceTree = "<group>"; };
		BEAAC03F2F573545007F9A9F /* ShoppingUITests */ = {isa = PBXFileSystemSynchronizedRootGroup; explicitFileTypes = {}; explicitFolders = (); path = ShoppingUITests; sourceTree = "<group>"; };
/* End PBXFileSystemSynchronizedRootGroup section */

/* Begin PBXFrameworksBuildPhase section */
		32EEC6EA27B482B5001AB9C7 /* Frameworks */ = {
			isa = PBXFrameworksBuildPhase;
			buildActionMask = 2147483647;
			files = (
				BE68E4192F3CD166003D0DC0 /* VSM in Frameworks */,
				C0DEB0ECE00004C0DEB0ECE4 /* AsyncAlgorithms in Frameworks */,
				32F1B64B27CABF0D00819F76 /* CombineSchedulers in Frameworks */,
				32F1B64727CABA3D00819F76 /* VSM in Frameworks */,
			);
			runOnlyForDeploymentPostprocessing = 0;
		};
		32EEC6FA27B482B7001AB9C7 /* Frameworks */ = {
			isa = PBXFrameworksBuildPhase;
			buildActionMask = 2147483647;
			files = (
				C0DEB0ECE00005C0DEB0ECE5 /* AsyncAlgorithms in Frameworks */,
				32F1B63F27CAAED100819F76 /* CombineSchedulers in Frameworks */,
			);
			runOnlyForDeploymentPostprocessing = 0;
		};
		32EEC70427B482B7001AB9C7 /* Frameworks */ = {
			isa = PBXFrameworksBuildPhase;
			buildActionMask = 2147483647;
			files = (
			);
			runOnlyForDeploymentPostprocessing = 0;
		};
/* End PBXFrameworksBuildPhase section */

/* Begin PBXGroup section */
		32E5E78327B49492002E9C47 /* Packages */ = {
			isa = PBXGroup;
			children = (
				32E5E78527B49531002E9C47 /* vsm-ios */,
			);
			name = Packages;
			sourceTree = "<group>";
		};
		32E5E78627B49624002E9C47 /* Frameworks */ = {
			isa = PBXGroup;
			children = (
			);
			name = Frameworks;
			sourceTree = "<group>";
		};
		32EEC6E427B482B5001AB9C7 = {
			isa = PBXGroup;
			children = (
				BEAABFF72F57353D007F9A9F /* Shopping */,
				BEAAC0272F573541007F9A9F /* ShoppingTests */,
				BEAAC03F2F573545007F9A9F /* ShoppingUITests */,
				32E5E78327B49492002E9C47 /* Packages */,
				32EEC6EE27B482B5001AB9C7 /* Products */,
				32E5E78627B49624002E9C47 /* Frameworks */,
			);
			sourceTree = "<group>";
		};
		32EEC6EE27B482B5001AB9C7 /* Products */ = {
			isa = PBXGroup;
			children = (
				32EEC6ED27B482B5001AB9C7 /* Shopping.app */,
				32EEC6FD27B482B7001AB9C7 /* ShoppingTests.xctest */,
				32EEC70727B482B7001AB9C7 /* ShoppingUITests.xctest */,
			);
			name = Products;
			sourceTree = "<group>";
		};
/* End PBXGroup section */

/* Begin PBXNativeTarget section */
		32EEC6EC27B482B5001AB9C7 /* Shopping */ = {
			isa = PBXNativeTarget;
			buildConfigurationList = 32EEC71127B482B7001AB9C7 /* Build configuration list for PBXNativeTarget "Shopping" */;
			buildPhases = (
				32EEC6E927B482B5001AB9C7 /* Sources */,
				32EEC6EA27B482B5001AB9C7 /* Frameworks */,
				32EEC6EB27B482B5001AB9C7 /* Resources */,
			);
			buildRules = (
			);
			dependencies = (
				32F1B64927CABF0600819F76 /* PBXTargetDependency */,
			);
			fileSystemSynchronizedGroups = (
				BEAABFF72F57353D007F9A9F /* Shopping */,
			);
			name = Shopping;
			packageProductDependencies = (
				32F1B64627CABA3D00819F76 /* VSM */,
				C0DEB0ECE00002C0DEB0ECE2 /* AsyncAlgorithms */,
				32F1B64A27CABF0D00819F76 /* CombineSchedulers */,
				BE68E4182F3CD166003D0DC0 /* VSM */,
			);
			productName = Shopping;
			productReference = 32EEC6ED27B482B5001AB9C7 /* Shopping.app */;
			productType = "com.apple.product-type.application";
		};
		32EEC6FC27B482B7001AB9C7 /* ShoppingTests */ = {
			isa = PBXNativeTarget;
			buildConfigurationList = 32EEC71427B482B7001AB9C7 /* Build configuration list for PBXNativeTarget "ShoppingTests" */;
			buildPhases = (
				32EEC6F927B482B7001AB9C7 /* Sources */,
				32EEC6FA27B482B7001AB9C7 /* Frameworks */,
				32EEC6FB27B482B7001AB9C7 /* Resources */,
			);
			buildRules = (
			);
			dependencies = (
				32F1B63D27CAAEA600819F76 /* PBXTargetDependency */,
				32EEC6FF27B482B7001AB9C7 /* PBXTargetDependency */,
			);
			fileSystemSynchronizedGroups = (
				BEAAC0272F573541007F9A9F /* ShoppingTests */,
			);
			name = ShoppingTests;
			packageProductDependencies = (
				C0DEB0ECE00003C0DEB0ECE3 /* AsyncAlgorithms */,
				32F1B63E27CAAED100819F76 /* CombineSchedulers */,
			);
			productName = ShoppingTests;
			productReference = 32EEC6FD27B482B7001AB9C7 /* ShoppingTests.xctest */;
			productType = "com.apple.product-type.bundle.unit-test";
		};
		32EEC70627B482B7001AB9C7 /* ShoppingUITests */ = {
			isa = PBXNativeTarget;
			buildConfigurationList = 32EEC71727B482B7001AB9C7 /* Build configuration list for PBXNativeTarget "ShoppingUITests" */;
			buildPhases = (
				32EEC70327B482B7001AB9C7 /* Sources */,
				32EEC70427B482B7001AB9C7 /* Frameworks */,
				32EEC70527B482B7001AB9C7 /* Resources */,
			);
			buildRules = (
			);
			dependencies = (
				32EEC70927B482B7001AB9C7 /* PBXTargetDependency */,
			);
			fileSystemSynchronizedGroups = (
				BEAAC03F2F573545007F9A9F /* ShoppingUITests */,
			);
			name = ShoppingUITests;
			productName = ShoppingUITests;
			productReference = 32EEC70727B482B7001AB9C7 /* ShoppingUITests.xctest */;
			productType = "com.apple.product-type.bundle.ui-testing";
		};
/* End PBXNativeTarget section */

/* Begin PBXProject section */
		32EEC6E527B482B5001AB9C7 /* Project object */ = {
			isa = PBXProject;
			attributes = {
				BuildIndependentTargetsInParallel = 1;
				LastSwiftUpdateCheck = 1320;
				LastUpgradeCheck = 2630;
				TargetAttributes = {
					32EEC6EC27B482B5001AB9C7 = {
						CreatedOnToolsVersion = 13.2;
					};
					32EEC6FC27B482B7001AB9C7 = {
						CreatedOnToolsVersion = 13.2;
						TestTargetID = 32EEC6EC27B482B5001AB9C7;
					};
					32EEC70627B482B7001AB9C7 = {
						CreatedOnToolsVersion = 13.2;
						TestTargetID = 32EEC6EC27B482B5001AB9C7;
					};
				};
			};
			buildConfigurationList = 32EEC6E827B482B5001AB9C7 /* Build configuration list for PBXProject "Shopping" */;
			compatibilityVersion = "Xcode 13.0";
			developmentRegion = en;
			hasScannedForEncodings = 0;
			knownRegions = (
				en,
				Base,
			);
			mainGroup = 32EEC6E427B482B5001AB9C7;
			packageReferences = (
				32F1B63927CAAE7100819F76 /* XCRemoteSwiftPackageReference "combine-schedulers" */,
				C0DEB0ECE00001C0DEB0ECE1 /* XCRemoteSwiftPackageReference "swift-async-algorithms" */,
				BE68E4172F3CD166003D0DC0 /* XCLocalSwiftPackageReference "../../../../vsm-ios" */,
			);
			productRefGroup = 32EEC6EE27B482B5001AB9C7 /* Products */;
			projectDirPath = "";
			projectRoot = "";
			targets = (
				32EEC6EC27B482B5001AB9C7 /* Shopping */,
				32EEC6FC27B482B7001AB9C7 /* ShoppingTests */,
				32EEC70627B482B7001AB9C7 /* ShoppingUITests */,
			);
		};
/* End PBXProject section */

/* Begin PBXResourcesBuildPhase section */
		32EEC6EB27B482B5001AB9C7 /* Resources */ = {
			isa = PBXResourcesBuildPhase;
			buildActionMask = 2147483647;
			files = (
			);
			runOnlyForDeploymentPostprocessing = 0;
		};
		32EEC6FB27B482B7001AB9C7 /* Resources */ = {
			isa = PBXResourcesBuildPhase;
			buildActionMask = 2147483647;
			files = (
			);
			runOnlyForDeploymentPostprocessing = 0;
		};
		32EEC70527B482B7001AB9C7 /* Resources */ = {
			isa = PBXResourcesBuildPhase;
			buildActionMask = 2147483647;
			files = (
			);
			runOnlyForDeploymentPostprocessing = 0;
		};
/* End PBXResourcesBuildPhase section */

/* Begin PBXSourcesBuildPhase section */
		32EEC6E927B482B5001AB9C7 /* Sources */ = {
			isa = PBXSourcesBuildPhase;
			buildActionMask = 2147483647;
			files = (
			);
			runOnlyForDeploymentPostprocessing = 0;
		};
		32EEC6F927B482B7001AB9C7 /* Sources */ = {
			isa = PBXSourcesBuildPhase;
			buildActionMask = 2147483647;
			files = (
			);
			runOnlyForDeploymentPostprocessing = 0;
		};
		32EEC70327B482B7001AB9C7 /* Sources */ = {
			isa = PBXSourcesBuildPhase;
			buildActionMask = 2147483647;
			files = (
			);
			runOnlyForDeploymentPostprocessing = 0;
		};
/* End PBXSourcesBuildPhase section */

/* Begin PBXTargetDependency section */
		32EEC6FF27B482B7001AB9C7 /* PBXTargetDependency */ = {
			isa = PBXTargetDependency;
			target = 32EEC6EC27B482B5001AB9C7 /* Shopping */;
			targetProxy = 32EEC6FE27B482B7001AB9C7 /* PBXContainerItemProxy */;
		};
		32EEC70927B482B7001AB9C7 /* PBXTargetDependency */ = {
			isa = PBXTargetDependency;
			target = 32EEC6EC27B482B5001AB9C7 /* Shopping */;
			targetProxy = 32EEC70827B482B7001AB9C7 /* PBXContainerItemProxy */;
		};
		32F1B63D27CAAEA600819F76 /* PBXTargetDependency */ = {
			isa = PBXTargetDependency;
			productRef = 32F1B63C27CAAEA600819F76 /* CombineSchedulers */;
		};
		32F1B64927CABF0600819F76 /* PBXTargetDependency */ = {
			isa = PBXTargetDependency;
			productRef = 32F1B64827CABF0600819F76 /* CombineSchedulers */;
		};
/* End PBXTargetDependency section */

/* Begin XCBuildConfiguration section */
		32EEC70F27B482B7001AB9C7 /* Debug */ = {
			isa = XCBuildConfiguration;
			buildSettings = {
				ALWAYS_SEARCH_USER_PATHS = NO;
				ASSETCATALOG_COMPILER_GENERATE_SWIFT_ASSET_SYMBOL_EXTENSIONS = YES;
				CLANG_ANALYZER_NONNULL = YES;
				CLANG_ANALYZER_NUMBER_OBJECT_CONVERSION = YES_AGGRESSIVE;
				CLANG_CXX_LANGUAGE_STANDARD = "gnu++17";
				CLANG_CXX_LIBRARY = "libc++";
				CLANG_ENABLE_MODULES = YES;
				CLANG_ENABLE_OBJC_ARC = YES;
				CLANG_ENABLE_OBJC_WEAK = YES;
				CLANG_WARN_BLOCK_CAPTURE_AUTORELEASING = YES;
				CLANG_WARN_BOOL_CONVERSION = YES;
				CLANG_WARN_COMMA = YES;
				CLANG_WARN_CONSTANT_CONVERSION = YES;
				CLANG_WARN_DEPRECATED_OBJC_IMPLEMENTATIONS = YES;
				CLANG_WARN_DIRECT_OBJC_ISA_USAGE = YES_ERROR;
				CLANG_WARN_DOCUMENTATION_COMMENTS = YES;
				CLANG_WARN_EMPTY_BODY = YES;
				CLANG_WARN_ENUM_CONVERSION = YES;
				CLANG_WARN_INFINITE_RECURSION = YES;
				CLANG_WARN_INT_CONVERSION = YES;
				CLANG_WARN_NON_LITERAL_NULL_CONVERSION = YES;
				CLANG_WARN_OBJC_IMPLICIT_RETAIN_SELF = YES;
				CLANG_WARN_OBJC_LITERAL_CONVERSION = YES;
				CLANG_WARN_OBJC_ROOT_CLASS = YES_ERROR;
				CLANG_WARN_QUOTED_INCLUDE_IN_FRAMEWORK_HEADER = YES;
				CLANG_WARN_RANGE_LOOP_ANALYSIS = YES;
				CLANG_WARN_STRICT_PROTOTYPES = YES;
				CLANG_WARN_SUSPICIOUS_MOVE = YES;
				CLANG_WARN_UNGUARDED_AVAILABILITY = YES_AGGRESSIVE;
				CLANG_WARN_UNREACHABLE_CODE = YES;
				CLANG_WARN__DUPLICATE_METHOD_MATCH = YES;
				COPY_PHASE_STRIP = NO;
				DEBUG_INFORMATION_FORMAT = dwarf;
				ENABLE_STRICT_OBJC_MSGSEND = YES;
				ENABLE_TESTABILITY = YES;
				ENABLE_USER_SCRIPT_SANDBOXING = YES;
				GCC_C_LANGUAGE_STANDARD = gnu11;
				GCC_DYNAMIC_NO_PIC = NO;
				GCC_NO_COMMON_BLOCKS = YES;
				GCC_OPTIMIZATION_LEVEL = 0;
				GCC_PREPROCESSOR_DEFINITIONS = (
					"DEBUG=1",
					"$(inherited)",
				);
				GCC_WARN_64_TO_32_BIT_CONVERSION = YES;
				GCC_WARN_ABOUT_RETURN_TYPE = YES_ERROR;
				GCC_WARN_UNDECLARED_SELECTOR = YES;
				GCC_WARN_UNINITIALIZED_AUTOS = YES_AGGRESSIVE;
				GCC_WARN_UNUSED_FUNCTION = YES;
				GCC_WARN_UNUSED_VARIABLE = YES;
				IPHONEOS_DEPLOYMENT_TARGET = 17.0;
				MTL_ENABLE_DEBUG_INFO = INCLUDE_SOURCE;
				MTL_FAST_MATH = YES;
				ONLY_ACTIVE_ARCH = YES;
				SDKROOT = iphoneos;
				STRING_CATALOG_GENERATE_SYMBOLS = YES;
				SWIFT_ACTIVE_COMPILATION_CONDITIONS = DEBUG;
				SWIFT_OPTIMIZATION_LEVEL = "-Onone";
			};
			name = Debug;
		};
		32EEC71027B482B7001AB9C7 /* Release */ = {
			isa = XCBuildConfiguration;
			buildSettings = {
				ALWAYS_SEARCH_USER_PATHS = NO;
				ASSETCATALOG_COMPILER_GENERATE_SWIFT_ASSET_SYMBOL_EXTENSIONS = YES;
				CLANG_ANALYZER_NONNULL = YES;
				CLANG_ANALYZER_NUMBER_OBJECT_CONVERSION = YES_AGGRESSIVE;
				CLANG_CXX_LANGUAGE_STANDARD = "gnu++17";
				CLANG_CXX_LIBRARY = "libc++";
				CLANG_ENABLE_MODULES = YES;
				CLANG_ENABLE_OBJC_ARC = YES;
				CLANG_ENABLE_OBJC_WEAK = YES;
				CLANG_WARN_BLOCK_CAPTURE_AUTORELEASING = YES;
				CLANG_WARN_BOOL_CONVERSION = YES;
				CLANG_WARN_COMMA = YES;
				CLANG_WARN_CONSTANT_CONVERSION = YES;
				CLANG_WARN_DEPRECATED_OBJC_IMPLEMENTATIONS = YES;
				CLANG_WARN_DIRECT_OBJC_ISA_USAGE = YES_ERROR;
				CLANG_WARN_DOCUMENTATION_COMMENTS = YES;
				CLANG_WARN_EMPTY_BODY = YES;
				CLANG_WARN_ENUM_CONVERSION = YES;
				CLANG_WARN_INFINITE_RECURSION = YES;
				CLANG_WARN_INT_CONVERSION = YES;
				CLANG_WARN_NON_LITERAL_NULL_CONVERSION = YES;
				CLANG_WARN_OBJC_IMPLICIT_RETAIN_SELF = YES;
				CLANG_WARN_OBJC_LITERAL_CONVERSION = YES;
				CLANG_WARN_OBJC_ROOT_CLASS = YES_ERROR;
				CLANG_WARN_QUOTED_INCLUDE_IN_FRAMEWORK_HEADER = YES;
				CLANG_WARN_RANGE_LOOP_ANALYSIS = YES;
				CLANG_WARN_STRICT_PROTOTYPES = YES;
				CLANG_WARN_SUSPICIOUS_MOVE = YES;
				CLANG_WARN_UNGUARDED_AVAILABILITY = YES_AGGRESSIVE;
				CLANG_WARN_UNREACHABLE_CODE = YES;
				CLANG_WARN__DUPLICATE_METHOD_MATCH = YES;
				COPY_PHASE_STRIP = NO;
				DEBUG_INFORMATION_FORMAT = "dwarf-with-dsym";
				ENABLE_NS_ASSERTIONS = NO;
				ENABLE_STRICT_OBJC_MSGSEND = YES;
				ENABLE_USER_SCRIPT_SANDBOXING = YES;
				GCC_C_LANGUAGE_STANDARD = gnu11;
				GCC_NO_COMMON_BLOCKS = YES;
				GCC_WARN_64_TO_32_BIT_CONVERSION = YES;
				GCC_WARN_ABOUT_RETURN_TYPE = YES_ERROR;
				GCC_WARN_UNDECLARED_SELECTOR = YES;
				GCC_WARN_UNINITIALIZED_AUTOS = YES_AGGRESSIVE;
				GCC_WARN_UNUSED_FUNCTION = YES;
				GCC_WARN_UNUSED_VARIABLE = YES;
				IPHONEOS_DEPLOYMENT_TARGET = 17.0;
				MTL_ENABLE_DEBUG_INFO = NO;
				MTL_FAST_MATH = YES;
				SDKROOT = iphoneos;
				STRING_CATALOG_GENERATE_SYMBOLS = YES;
				SWIFT_COMPILATION_MODE = wholemodule;
				SWIFT_OPTIMIZATION_LEVEL = "-O";
				VALIDATE_PRODUCT = YES;
			};
			name = Release;
		};
		32EEC71227B482B7001AB9C7 /* Debug */ = {
			isa = XCBuildConfiguration;
			buildSettings = {
				ASSETCATALOG_COMPILER_APPICON_NAME = AppIcon;
				ASSETCATALOG_COMPILER_GLOBAL_ACCENT_COLOR_NAME = AccentColor;
				CODE_SIGN_STYLE = Automatic;
				CURRENT_PROJECT_VERSION = 1;
				DEVELOPMENT_ASSET_PATHS = "\"Shopping/Preview Content\"";
				DEVELOPMENT_TEAM = CDTXULY7KK;
				ENABLE_PREVIEWS = YES;
				GENERATE_INFOPLIST_FILE = YES;
				INFOPLIST_KEY_UIApplicationSceneManifest_Generation = YES;
				INFOPLIST_KEY_UIApplicationSupportsIndirectInputEvents = YES;
				INFOPLIST_KEY_UILaunchScreen_Generation = YES;
				INFOPLIST_KEY_UISupportedInterfaceOrientations_iPad = "UIInterfaceOrientationPortrait UIInterfaceOrientationPortraitUpsideDown UIInterfaceOrientationLandscapeLeft UIInterfaceOrientationLandscapeRight";
				INFOPLIST_KEY_UISupportedInterfaceOrientations_iPhone = "UIInterfaceOrientationPortrait UIInterfaceOrientationLandscapeLeft UIInterfaceOrientationLandscapeRight";
				LD_RUNPATH_SEARCH_PATHS = (
					"$(inherited)",
					"@executable_path/Frameworks",
				);
				MARKETING_VERSION = 1.0;
				PRODUCT_BUNDLE_IDENTIFIER = com.demo.ios.Shopping;
				PRODUCT_NAME = "$(TARGET_NAME)";
				SWIFT_APPROACHABLE_CONCURRENCY = YES;
				SWIFT_EMIT_LOC_STRINGS = YES;
				SWIFT_VERSION = 6.0;
				TARGETED_DEVICE_FAMILY = "1,2";
			};
			name = Debug;
		};
		32EEC71327B482B7001AB9C7 /* Release */ = {
			isa = XCBuildConfiguration;
			buildSettings = {
				ASSETCATALOG_COMPILER_APPICON_NAME = AppIcon;
				ASSETCATALOG_COMPILER_GLOBAL_ACCENT_COLOR_NAME = AccentColor;
				CODE_SIGN_STYLE = Automatic;
				CURRENT_PROJECT_VERSION = 1;
				DEVELOPMENT_ASSET_PATHS = "\"Shopping/Preview Content\"";
				DEVELOPMENT_TEAM = CDTXULY7KK;
				ENABLE_PREVIEWS = YES;
				GENERATE_INFOPLIST_FILE = YES;
				INFOPLIST_KEY_UIApplicationSceneManifest_Generation = YES;
				INFOPLIST_KEY_UIApplicationSupportsIndirectInputEvents = YES;
				INFOPLIST_KEY_UILaunchScreen_Generation = YES;
				INFOPLIST_KEY_UISupportedInterfaceOrientations_iPad = "UIInterfaceOrientationPortrait UIInterfaceOrientationPortraitUpsideDown UIInterfaceOrientationLandscapeLeft UIInterfaceOrientationLandscapeRight";
				INFOPLIST_KEY_UISupportedInterfaceOrientations_iPhone = "UIInterfaceOrientationPortrait UIInterfaceOrientationLandscapeLeft UIInterfaceOrientationLandscapeRight";
				LD_RUNPATH_SEARCH_PATHS = (
					"$(inherited)",
					"@executable_path/Frameworks",
				);
				MARKETING_VERSION = 1.0;
				PRODUCT_BUNDLE_IDENTIFIER = com.demo.ios.Shopping;
				PRODUCT_NAME = "$(TARGET_NAME)";
				SWIFT_APPROACHABLE_CONCURRENCY = YES;
				SWIFT_EMIT_LOC_STRINGS = YES;
				SWIFT_VERSION = 6.0;
				TARGETED_DEVICE_FAMILY = "1,2";
			};
			name = Release;
		};
		32EEC71527B482B7001AB9C7 /* Debug */ = {
			isa = XCBuildConfiguration;
			buildSettings = {
				BUNDLE_LOADER = "$(TEST_HOST)";
				CODE_SIGN_STYLE = Automatic;
				CURRENT_PROJECT_VERSION = 1;
				DEVELOPMENT_TEAM = YB42T69E5P;
				GENERATE_INFOPLIST_FILE = YES;
				IPHONEOS_DEPLOYMENT_TARGET = 17.0;
				MARKETING_VERSION = 1.0;
				PRODUCT_BUNDLE_IDENTIFIER = com.demo.ios.ShoppingTests;
				PRODUCT_NAME = "$(TARGET_NAME)";
				SWIFT_EMIT_LOC_STRINGS = NO;
				SWIFT_VERSION = 5.0;
				TARGETED_DEVICE_FAMILY = "1,2";
				TEST_HOST = "$(BUILT_PRODUCTS_DIR)/Shopping.app/Shopping";
			};
			name = Debug;
		};
		32EEC71627B482B7001AB9C7 /* Release */ = {
			isa = XCBuildConfiguration;
			buildSettings = {
				BUNDLE_LOADER = "$(TEST_HOST)";
				CODE_SIGN_STYLE = Automatic;
				CURRENT_PROJECT_VERSION = 1;
				DEVELOPMENT_TEAM = YB42T69E5P;
				GENERATE_INFOPLIST_FILE = YES;
				IPHONEOS_DEPLOYMENT_TARGET = 17.0;
				MARKETING_VERSION = 1.0;
				PRODUCT_BUNDLE_IDENTIFIER = com.demo.ios.ShoppingTests;
				PRODUCT_NAME = "$(TARGET_NAME)";
				SWIFT_EMIT_LOC_STRINGS = NO;
				SWIFT_VERSION = 5.0;
				TARGETED_DEVICE_FAMILY = "1,2";
				TEST_HOST = "$(BUILT_PRODUCTS_DIR)/Shopping.app/Shopping";
			};
			name = Release;
		};
		32EEC71827B482B7001AB9C7 /* Debug */ = {
			isa = XCBuildConfiguration;
			buildSettings = {
				CODE_SIGN_STYLE = Automatic;
				CURRENT_PROJECT_VERSION = 1;
				DEVELOPMENT_TEAM = YB42T69E5P;
				GENERATE_INFOPLIST_FILE = YES;
				MARKETING_VERSION = 1.0;
				PRODUCT_BUNDLE_IDENTIFIER = com.demo.ios.ShoppingUITests;
				PRODUCT_NAME = "$(TARGET_NAME)";
				SWIFT_EMIT_LOC_STRINGS = NO;
				SWIFT_VERSION = 5.0;
				TARGETED_DEVICE_FAMILY = "1,2";
				TEST_TARGET_NAME = Shopping;
			};
			name = Debug;
		};
		32EEC71927B482B7001AB9C7 /* Release */ = {
			isa = XCBuildConfiguration;
			buildSettings = {
				CODE_SIGN_STYLE = Automatic;
				CURRENT_PROJECT_VERSION = 1;
				DEVELOPMENT_TEAM = YB42T69E5P;
				GENERATE_INFOPLIST_FILE = YES;
				MARKETING_VERSION = 1.0;
				PRODUCT_BUNDLE_IDENTIFIER = com.demo.ios.ShoppingUITests;
				PRODUCT_NAME = "$(TARGET_NAME)";
				SWIFT_EMIT_LOC_STRINGS = NO;
				SWIFT_VERSION = 5.0;
				TARGETED_DEVICE_FAMILY = "1,2";
				TEST_TARGET_NAME = Shopping;
			};
			name = Release;
		};
/* End XCBuildConfiguration section */

/* Begin XCConfigurationList section */
		32EEC6E827B482B5001AB9C7 /* Build configuration list for PBXProject "Shopping" */ = {
			isa = XCConfigurationList;
			buildConfigurations = (
				32EEC70F27B482B7001AB9C7 /* Debug */,
				32EEC71027B482B7001AB9C7 /* Release */,
			);
			defaultConfigurationIsVisible = 0;
			defaultConfigurationName = Release;
		};
		32EEC71127B482B7001AB9C7 /* Build configuration list for PBXNativeTarget "Shopping" */ = {
			isa = XCConfigurationList;
			buildConfigurations = (
				32EEC71227B482B7001AB9C7 /* Debug */,
				32EEC71327B482B7001AB9C7 /* Release */,
			);
			defaultConfigurationIsVisible = 0;
			defaultConfigurationName = Release;
		};
		32EEC71427B482B7001AB9C7 /* Build configuration list for PBXNativeTarget "ShoppingTests" */ = {
			isa = XCConfigurationList;
			buildConfigurations = (
				32EEC71527B482B7001AB9C7 /* Debug */,
				32EEC71627B482B7001AB9C7 /* Release */,
			);
			defaultConfigurationIsVisible = 0;
			defaultConfigurationName = Release;
		};
		32EEC71727B482B7001AB9C7 /* Build configuration list for PBXNativeTarget "ShoppingUITests" */ = {
			isa = XCConfigurationList;
			buildConfigurations = (
				32EEC71827B482B7001AB9C7 /* Debug */,
				32EEC71927B482B7001AB9C7 /* Release */,
			);
			defaultConfigurationIsVisible = 0;
			defaultConfigurationName = Release;
		};
/* End XCConfigurationList section */

/* Begin XCLocalSwiftPackageReference section */
		BE68E4172F3CD166003D0DC0 /* XCLocalSwiftPackageReference "../../../../vsm-ios" */ = {
			isa = XCLocalSwiftPackageReference;
			relativePath = "../../../../vsm-ios";
		};
/* End XCLocalSwiftPackageReference section */

/* Begin XCRemoteSwiftPackageReference section */
		32F1B63927CAAE7100819F76 /* XCRemoteSwiftPackageReference "combine-schedulers" */ = {
			isa = XCRemoteSwiftPackageReference;
			repositoryURL = "https://github.com/pointfreeco/combine-schedulers";
			requirement = {
				kind = upToNextMajorVersion;
				minimumVersion = 0.5.3;
			};
		};
		C0DEB0ECE00001C0DEB0ECE1 /* XCRemoteSwiftPackageReference "swift-async-algorithms" */ = {
			isa = XCRemoteSwiftPackageReference;
			repositoryURL = "https://github.com/apple/swift-async-algorithms";
			requirement = {
				kind = upToNextMajorVersion;
				minimumVersion = 1.0.0;
			};
		};
/* End XCRemoteSwiftPackageReference section */

/* Begin XCSwiftPackageProductDependency section */
		32F1B63C27CAAEA600819F76 /* CombineSchedulers */ = {
			isa = XCSwiftPackageProductDependency;
			package = 32F1B63927CAAE7100819F76 /* XCRemoteSwiftPackageReference "combine-schedulers" */;
			productName = CombineSchedulers;
		};
		32F1B63E27CAAED100819F76 /* CombineSchedulers */ = {
			isa = XCSwiftPackageProductDependency;
			package = 32F1B63927CAAE7100819F76 /* XCRemoteSwiftPackageReference "combine-schedulers" */;
			productName = CombineSchedulers;
		};
		32F1B64627CABA3D00819F76 /* VSM */ = {
			isa = XCSwiftPackageProductDependency;
			productName = VSM;
		};
		32F1B64827CABF0600819F76 /* CombineSchedulers */ = {
			isa = XCSwiftPackageProductDependency;
			package = 32F1B63927CAAE7100819F76 /* XCRemoteSwiftPackageReference "combine-schedulers" */;
			productName = CombineSchedulers;
		};
		32F1B64A27CABF0D00819F76 /* CombineSchedulers */ = {
			isa = XCSwiftPackageProductDependency;
			package = 32F1B63927CAAE7100819F76 /* XCRemoteSwiftPackageReference "combine-schedulers" */;
			productName = CombineSchedulers;
		};
		BE68E4182F3CD166003D0DC0 /* VSM */ = {
			isa = XCSwiftPackageProductDependency;
			productName = VSM;
		};
		C0DEB0ECE00002C0DEB0ECE2 /* AsyncAlgorithms */ = {
			isa = XCSwiftPackageProductDependency;
			package = C0DEB0ECE00001C0DEB0ECE1 /* XCRemoteSwiftPackageReference "swift-async-algorithms" */;
			productName = AsyncAlgorithms;
		};
		C0DEB0ECE00003C0DEB0ECE3 /* AsyncAlgorithms */ = {
			isa = XCSwiftPackageProductDependency;
			package = C0DEB0ECE00001C0DEB0ECE1 /* XCRemoteSwiftPackageReference "swift-async-algorithms" */;
			productName = AsyncAlgorithms;
		};
/* End XCSwiftPackageProductDependency section */
	};
	rootObject = 32EEC6E527B482B5001AB9C7 /* Project object */;
}
